
Microsoft Visual Studio Solution File, Format Version 12.00
# Visual Studio 15
VisualStudioVersion = 15.0.28307.1145
MinimumVisualStudioVersion = 10.0.40219.1
Project("{8BC9CEB8-8B4A-11D0-8D11-00A0C91BC942}") = "GIT", "GIT\GIT.vcxproj", "{062AFC7A-DA85-47C0-87CF-5FA061B1D804}"
EndProject
Global
	GlobalSection(SolutionConfigurationPlatforms) = preSolution
		Debug|x64 = Debug|x64
		Debug|x86 = Debug|x86
		Release|x64 = Release|x64
		Release|x86 = Release|x86
	EndGlobalSection
	GlobalSection(ProjectConfigurationPlatforms) = postSolution
		{062AFC7A-DA85-47C0-87CF-5FA061B1D804}.Debug|x64.ActiveCfg = Debug|x64
		{062AFC7A-DA85-47C0-87CF-5FA061B1D804}.Debug|x64.Build.0 = Debug|x64
		{062AFC7A-DA85-47C0-87CF-5FA061B1D804}.Debug|x86.ActiveCfg = Debug|Win32
		{062AFC7A-DA85-47C0-87CF-5FA061B1D804}.Debug|x86.Build.0 = Debug|Win32
		{062AFC7A-DA85-47C0-87CF-5FA061B1D804}.Release|x64.ActiveCfg = Release|x64
		{062AFC7A-DA85-47C0-87CF-5FA061B1D804}.Release|x64.Build.0 = Release|x64
		{062AFC7A-DA85-47C0-87CF-5FA061B1D804}.Release|x86.ActiveCfg = Release|Win32
		{062AFC7A-DA85-47C0-87CF-5FA061B1D804}.Release|x86.Build.0 = Release|Win32
	EndGlobalSection
	GlobalSection(SolutionProperties) = preSolution
		HideSolutionNode = FALSE
	EndGlobalSection
	GlobalSection(ExtensibilityGlobals) = postSolution
		SolutionGuid = {3EB64F79-FD59-4E1F-9669-C58FE3FC7D8B}
	EndGlobalSection
EndGlobal
